// !$*UTF8*$!
{
	archiveVersion = 1;
	classes = {
	};
	objectVersion = 48;
	objects = {

/* Begin PBXBuildFile section */
		78238B101FEA0A2700CE4F3A /* AppDelegate.swift in Sources */ = {isa = PBXBuildFile; fileRef = 78238B0F1FEA0A2700CE4F3A /* AppDelegate.swift */; };
		78238B121FEA0A2700CE4F3A /* ViewController.swift in Sources */ = {isa = PBXBuildFile; fileRef = 78238B111FEA0A2700CE4F3A /* ViewController.swift */; };
		78238B151FEA0A2700CE4F3A /* Main.storyboard in Resources */ = {isa = PBXBuildFile; fileRef = 78238B131FEA0A2700CE4F3A /* Main.storyboard */; };
		78238B171FEA0A2700CE4F3A /* Assets.xcassets in Resources */ = {isa = PBXBuildFile; fileRef = 78238B161FEA0A2700CE4F3A /* Assets.xcassets */; };
		78238B1A1FEA0A2700CE4F3A /* LaunchScreen.storyboard in Resources */ = {isa = PBXBuildFile; fileRef = 78238B181FEA0A2700CE4F3A /* LaunchScreen.storyboard */; };
		78238B221FEA0EE200CE4F3A /* YYWaterView.swift in Sources */ = {isa = PBXBuildFile; fileRef = 78238B211FEA0EE200CE4F3A /* YYWaterView.swift */; };
		78238B241FEA0F3600CE4F3A /* CGFloat+Extension.swift in Sources */ = {isa = PBXBuildFile; fileRef = 78238B231FEA0F3600CE4F3A /* CGFloat+Extension.swift */; };
		78238B271FEA0F9E00CE4F3A /* YYViewController.swift in Sources */ = {isa = PBXBuildFile; fileRef = 78238B251FEA0F9E00CE4F3A /* YYViewController.swift */; };
		78238B281FEA0F9E00CE4F3A /* YYViewController.xib in Resources */ = {isa = PBXBuildFile; fileRef = 78238B261FEA0F9E00CE4F3A /* YYViewController.xib */; };
		8197FF08936E5B23E020133D /* Pods_WaterView_D.framework in Frameworks */ = {isa = PBXBuildFile; fileRef = B3F1C21CA4AEB75674FCB7C6 /* Pods_WaterView_D.framework */; };
/* End PBXBuildFile section */

/* Begin PBXFileReference section */
		460C727E44C9E0AF325DA754 /* Pods-WaterView_D.release.xcconfig */ = {isa = PBXFileReference; includeInIndex = 1; lastKnownFileType = text.xcconfig; name = "Pods-WaterView_D.release.xcconfig"; path = "Pods/Target Support Files/Pods-WaterView_D/Pods-WaterView_D.release.xcconfig"; sourceTree = "<group>"; };
		78238B0C1FEA0A2700CE4F3A /* WaterView_D.app */ = {isa = PBXFileReference; explicitFileType = wrapper.application; includeInIndex = 0; path = WaterView_D.app; sourceTree = BUILT_PRODUCTS_DIR; };
		78238B0F1FEA0A2700CE4F3A /* AppDelegate.swift */ = {isa = PBXFileReference; lastKnownFileType = sourcecode.swift; path = AppDelegate.swift; sourceTree = "<group>"; };
		78238B111FEA0A2700CE4F3A /* ViewController.swift */ = {isa = PBXFileReference; lastKnownFileType = sourcecode.swift; path = ViewController.swift; sourceTree = "<group>"; };
		78238B141FEA0A2700CE4F3A /* Base */ = {isa = PBXFileReference; lastKnownFileType = file.storyboard; name = Base; path = Base.lproj/Main.storyboard; sourceTree = "<group>"; };
		78238B161FEA0A2700CE4F3A /* Assets.xcassets */ = {isa = PBXFileReference; lastKnownFileType = folder.assetcatalog; path = Assets.xcassets; sourceTree = "<group>"; };
		78238B191FEA0A2700CE4F3A /* Base */ = {isa = PBXFileReference; lastKnownFileType = file.storyboard; name = Base; path = Base.lproj/LaunchScreen.storyboard; sourceTree = "<group>"; };
		78238B1B1FEA0A2700CE4F3A /* Info.plist */ = {isa = PBXFileReference; lastKnownFileType = text.plist.xml; path = Info.plist; sourceTree = "<group>"; };
		78238B211FEA0EE200CE4F3A /* YYWaterView.swift */ = {isa = PBXFileReference; fileEncoding = 4; lastKnownFileType = sourcecode.swift; path = YYWaterView.swift; sourceTree = "<group>"; };
		78238B231FEA0F3600CE4F3A /* CGFloat+Extension.swift */ = {isa = PBXFileReference; fileEncoding = 4; lastKnownFileType = sourcecode.swift; path = "CGFloat+Extension.swift"; sourceTree = "<group>"; };
		78238B251FEA0F9E00CE4F3A /* YYViewController.swift */ = {isa = PBXFileReference; lastKnownFileType = sourcecode.swift; path = YYViewController.swift; sourceTree = "<group>"; };
		78238B261FEA0F9E00CE4F3A /* YYViewController.xib */ = {isa = PBXFileReference; lastKnownFileType = file.xib; path = YYViewController.xib; sourceTree = "<group>"; };
		B3F1C21CA4AEB75674FCB7C6 /* Pods_WaterView_D.framework */ = {isa = PBXFileReference; explicitFileType = wrapper.framework; includeInIndex = 0; path = Pods_WaterView_D.framework; sourceTree = BUILT_PRODUCTS_DIR; };
		D8EE73B7A139C52C2DD025B0 /* Pods-WaterView_D.debug.xcconfig */ = {isa = PBXFileReference; includeInIndex = 1; lastKnownFileType = text.xcconfig; name = "Pods-WaterView_D.debug.xcconfig"; path = "Pods/Target Support Files/Pods-WaterView_D/Pods-WaterView_D.debug.xcconfig"; sourceTree = "<group>"; };
/* End PBXFileReference section */

/* Begin PBXFrameworksBuildPhase section */
		78238B091FEA0A2700CE4F3A /* Frameworks */ = {
			isa = PBXFrameworksBuildPhase;
			buildActionMask = 2147483647;
			files = (
				8197FF08936E5B23E020133D /* Pods_WaterView_D.framework in Frameworks */,
			);
			runOnlyForDeploymentPostprocessing = 0;
		};
/* End PBXFrameworksBuildPhase section */

/* Begin PBXGroup section */
		78238B031FEA0A2700CE4F3A = {
			isa = PBXGroup;
			children = (
				78238B0E1FEA0A2700CE4F3A /* WaterView_D */,
				78238B0D1FEA0A2700CE4F3A /* Products */,
				C5C916EC3F12C3BF56FFFA91 /* Pods */,
				8670E74D7656E3E9DCCBBEC4 /* Frameworks */,
			);
			sourceTree = "<group>";
		};
		78238B0D1FEA0A2700CE4F3A /* Products */ = {
			isa = PBXGroup;
			children = (
				78238B0C1FEA0A2700CE4F3A /* WaterView_D.app */,
			);
			name = Products;
			sourceTree = "<group>";
		};
		78238B0E1FEA0A2700CE4F3A /* WaterView_D */ = {
			isa = PBXGroup;
			children = (
				78238B211FEA0EE200CE4F3A /* YYWaterView.swift */,
				78238B251FEA0F9E00CE4F3A /* YYViewController.swift */,
				78238B261FEA0F9E00CE4F3A /* YYViewController.xib */,
				78238B231FEA0F3600CE4F3A /* CGFloat+Extension.swift */,
				78238B0F1FEA0A2700CE4F3A /* AppDelegate.swift */,
				78238B111FEA0A2700CE4F3A /* ViewController.swift */,
				78238B131FEA0A2700CE4F3A /* Main.storyboard */,
				78238B161FEA0A2700CE4F3A /* Assets.xcassets */,
				78238B181FEA0A2700CE4F3A /* LaunchScreen.storyboard */,
				78238B1B1FEA0A2700CE4F3A /* Info.plist */,
			);
			path = WaterView_D;
			sourceTree = "<group>";
		};
		8670E74D7656E3E9DCCBBEC4 /* Frameworks */ = {
			isa = PBXGroup;
			children = (
				B3F1C21CA4AEB75674FCB7C6 /* Pods_WaterView_D.framework */,
			);
			name = Frameworks;
			sourceTree = "<group>";
		};
		C5C916EC3F12C3BF56FFFA91 /* Pods */ = {
			isa = PBXGroup;
			children = (
				D8EE73B7A139C52C2DD025B0 /* Pods-WaterView_D.debug.xcconfig */,
				460C727E44C9E0AF325DA754 /* Pods-WaterView_D.release.xcconfig */,
			);
			name = Pods;
			sourceTree = "<group>";
		};
/* End PBXGroup section */

/* Begin PBXNativeTarget section */
		78238B0B1FEA0A2700CE4F3A /* WaterView_D */ = {
			isa = PBXNativeTarget;
			buildConfigurationList = 78238B1E1FEA0A2700CE4F3A /* Build configuration list for PBXNativeTarget "WaterView_D" */;
			buildPhases = (
				7B32B2AC259B8C695C42927B /* [CP] Check Pods Manifest.lock */,
				78238B081FEA0A2700CE4F3A /* Sources */,
				78238B091FEA0A2700CE4F3A /* Frameworks */,
				78238B0A1FEA0A2700CE4F3A /* Resources */,
				5320DF79BECC5C803318F749 /* [CP] Embed Pods Frameworks */,
				294B2DB51A34AD9B701456A6 /* [CP] Copy Pods Resources */,
			);
			buildRules = (
			);
			dependencies = (
			);
			name = WaterView_D;
			productName = WaterView_D;
			productReference = 78238B0C1FEA0A2700CE4F3A /* WaterView_D.app */;
			productType = "com.apple.product-type.application";
		};
/* End PBXNativeTarget section */

/* Begin PBXProject section */
		78238B041FEA0A2700CE4F3A /* Project object */ = {
			isa = PBXProject;
			attributes = {
				LastSwiftUpdateCheck = 0900;
				LastUpgradeCheck = 0900;
				ORGANIZATIONNAME = idea;
				TargetAttributes = {
					78238B0B1FEA0A2700CE4F3A = {
						CreatedOnToolsVersion = 9.0.1;
						ProvisioningStyle = Automatic;
					};
				};
			};
			buildConfigurationList = 78238B071FEA0A2700CE4F3A /* Build configuration list for PBXProject "WaterView_D" */;
			compatibilityVersion = "Xcode 8.0";
			developmentRegion = en;
			hasScannedForEncodings = 0;
			knownRegions = (
				en,
				Base,
			);
			mainGroup = 78238B031FEA0A2700CE4F3A;
			productRefGroup = 78238B0D1FEA0A2700CE4F3A /* Products */;
			projectDirPath = "";
			projectRoot = "";
			targets = (
				78238B0B1FEA0A2700CE4F3A /* WaterView_D */,
			);
		};
/* End PBXProject section */

/* Begin PBXResourcesBuildPhase section */
		78238B0A1FEA0A2700CE4F3A /* Resources */ = {
			isa = PBXResourcesBuildPhase;
			buildActionMask = 2147483647;
			files = (
				78238B1A1FEA0A2700CE4F3A /* LaunchScreen.storyboard in Resources */,
				78238B171FEA0A2700CE4F3A /* Assets.xcassets in Resources */,
				78238B281FEA0F9E00CE4F3A /* YYViewController.xib in Resources */,
				78238B151FEA0A2700CE4F3A /* Main.storyboard in Resources */,
			);
			runOnlyForDeploymentPostprocessing = 0;
		};
/* End PBXResourcesBuildPhase section */

/* Begin PBXShellScriptBuildPhase section */
		294B2DB51A34AD9B701456A6 /* [CP] Copy Pods Resources */ = {
			isa = PBXShellScriptBuildPhase;
			buildActionMask = 2147483647;
			files = (
			);
			inputPaths = (
			);
			name = "[CP] Copy Pods Resources";
			outputPaths = (
			);
			runOnlyForDeploymentPostprocessing = 0;
			shellPath = /bin/sh;
			shellScript = "\"${SRCROOT}/Pods/Target Support Files/Pods-WaterView_D/Pods-WaterView_D-resources.sh\"\n";
			showEnvVarsInLog = 0;
		};
		5320DF79BECC5C803318F749 /* [CP] Embed Pods Frameworks */ = {
			isa = PBXShellScriptBuildPhase;
			buildActionMask = 2147483647;
			files = (
			);
			inputPaths = (
				"${SRCROOT}/Pods/Target Support Files/Pods-WaterView_D/Pods-WaterView_D-frameworks.sh",
				"${BUILT_PRODUCTS_DIR}/YXWaveView/YXWaveView.framework",
			);
			name = "[CP] Embed Pods Frameworks";
			outputPaths = (
				"${TARGET_BUILD_DIR}/${FRAMEWORKS_FOLDER_PATH}/YXWaveView.framework",
			);
			runOnlyForDeploymentPostprocessing = 0;
			shellPath = /bin/sh;
			shellScript = "\"${SRCROOT}/Pods/Target Support Files/Pods-WaterView_D/Pods-WaterView_D-frameworks.sh\"\n";
			showEnvVarsInLog = 0;
		};
		7B32B2AC259B8C695C42927B /* [CP] Check Pods Manifest.lock */ = {
			isa = PBXShellScriptBuildPhase;
			buildActionMask = 2147483647;
			files = (
			);
			inputPaths = (
				"${PODS_PODFILE_DIR_PATH}/Podfile.lock",
				"${PODS_ROOT}/Manifest.lock",
			);
			name = "[CP] Check Pods Manifest.lock";
			outputPaths = (
				"$(DERIVED_FILE_DIR)/Pods-WaterView_D-checkManifestLockResult.txt",
			);
			runOnlyForDeploymentPostprocessing = 0;
			shellPath = /bin/sh;
			shellScript = "diff \"${PODS_PODFILE_DIR_PATH}/Podfile.lock\" \"${PODS_ROOT}/Manifest.lock\" > /dev/null\nif [ $? != 0 ] ; then\n    # print error to STDERR\n    echo \"error: The sandbox is not in sync with the Podfile.lock. Run 'pod install' or update your CocoaPods installation.\" >&2\n    exit 1\nfi\n# This output is used by Xcode 'outputs' to avoid re-running this script phase.\necho \"SUCCESS\" > \"${SCRIPT_OUTPUT_FILE_0}\"\n";
			showEnvVarsInLog = 0;
		};
/* End PBXShellScriptBuildPhase section */

/* Begin PBXSourcesBuildPhase section */
		78238B081FEA0A2700CE4F3A /* Sources */ = {
			isa = PBXSourcesBuildPhase;
			buildActionMask = 2147483647;
			files = (
				78238B121FEA0A2700CE4F3A /* ViewController.swift in Sources */,
				78238B221FEA0EE200CE4F3A /* YYWaterView.swift in Sources */,
				78238B271FEA0F9E00CE4F3A /* YYViewController.swift in Sources */,
				78238B241FEA0F3600CE4F3A /* CGFloat+Extension.swift in Sources */,
				78238B101FEA0A2700CE4F3A /* AppDelegate.swift in Sources */,
			);
			runOnlyForDeploymentPostprocessing = 0;
		};
/* End PBXSourcesBuildPhase section */

/* Begin PBXVariantGroup section */
		78238B131FEA0A2700CE4F3A /* Main.storyboard */ = {
			isa = PBXVariantGroup;
			children = (
				78238B141FEA0A2700CE4F3A /* Base */,
			);
			name = Main.storyboard;
			sourceTree = "<group>";
		};
		78238B181FEA0A2700CE4F3A /* LaunchScreen.storyboard */ = {
			isa = PBXVariantGroup;
			children = (
				78238B191FEA0A2700CE4F3A /* Base */,
			);
			name = LaunchScreen.storyboard;
			sourceTree = "<group>";
		};
/* End PBXVariantGroup section */

/* Begin XCBuildConfiguration section */
		78238B1C1FEA0A2700CE4F3A /* Debug */ = {
			isa = XCBuildConfiguration;
			buildSettings = {
				ALWAYS_SEARCH_USER_PATHS = NO;
				CLANG_ANALYZER_NONNULL = YES;
				CLANG_ANALYZER_NUMBER_OBJECT_CONVERSION = YES_AGGRESSIVE;
				CLANG_CXX_LANGUAGE_STANDARD = "gnu++14";
				CLANG_CXX_LIBRARY = "libc++";
				CLANG_ENABLE_MODULES = YES;
				CLANG_ENABLE_OBJC_ARC = YES;
				CLANG_WARN_BLOCK_CAPTURE_AUTORELEASING = YES;
				CLANG_WARN_BOOL_CONVERSION = YES;
				CLANG_WARN_COMMA = YES;
				CLANG_WARN_CONSTANT_CONVERSION = YES;
				CLANG_WARN_DIRECT_OBJC_ISA_USAGE = YES_ERROR;
				CLANG_WARN_DOCUMENTATION_COMMENTS = YES;
				CLANG_WARN_EMPTY_BODY = YES;
				CLANG_WARN_ENUM_CONVERSION = YES;
				CLANG_WARN_INFINITE_RECURSION = YES;
				CLANG_WARN_INT_CONVERSION = YES;
				CLANG_WARN_NON_LITERAL_NULL_CONVERSION = YES;
				CLANG_WARN_OBJC_LITERAL_CONVERSION = YES;
				CLANG_WARN_OBJC_ROOT_CLASS = YES_ERROR;
				CLANG_WARN_RANGE_LOOP_ANALYSIS = YES;
				CLANG_WARN_STRICT_PROTOTYPES = YES;
				CLANG_WARN_SUSPICIOUS_MOVE = YES;
				CLANG_WARN_UNGUARDED_AVAILABILITY = YES_AGGRESSIVE;
				CLANG_WARN_UNREACHABLE_CODE = YES;
				CLANG_WARN__DUPLICATE_METHOD_MATCH = YES;
				CODE_SIGN_IDENTITY = "iPhone Developer";
				COPY_PHASE_STRIP = NO;
				DEBUG_INFORMATION_FORMAT = dwarf;
				ENABLE_STRICT_OBJC_MSGSEND = YES;
				ENABLE_TESTABILITY = YES;
				GCC_C_LANGUAGE_STANDARD = gnu11;
				GCC_DYNAMIC_NO_PIC = NO;
				GCC_NO_COMMON_BLOCKS = YES;
				GCC_OPTIMIZATION_LEVEL = 0;
				GCC_PREPROCESSOR_DEFINITIONS = (
					"DEBUG=1",
					"$(inherited)",
				);
				GCC_WARN_64_TO_32_BIT_CONVERSION = YES;
				GCC_WARN_ABOUT_RETURN_TYPE = YES_ERROR;
				GCC_WARN_UNDECLARED_SELECTOR = YES;
				GCC_WARN_UNINITIALIZED_AUTOS = YES_AGGRESSIVE;
				GCC_WARN_UNUSED_FUNCTION = YES;
				GCC_WARN_UNUSED_VARIABLE = YES;
				IPHONEOS_DEPLOYMENT_TARGET = 11.0;
				MTL_ENABLE_DEBUG_INFO = YES;
				ONLY_ACTIVE_ARCH = YES;
				SDKROOT = iphoneos;
				SWIFT_ACTIVE_COMPILATION_CONDITIONS = DEBUG;
				SWIFT_OPTIMIZATION_LEVEL = "-Onone";
			};
			name = Debug;
		};
		78238B1D1FEA0A2700CE4F3A /* Release */ = {
			isa = XCBuildConfiguration;
			buildSettings = {
				ALWAYS_SEARCH_USER_PATHS = NO;
				CLANG_ANALYZER_NONNULL = YES;
				CLANG_ANALYZER_NUMBER_OBJECT_CONVERSION = YES_AGGRESSIVE;
				CLANG_CXX_LANGUAGE_STANDARD = "gnu++14";
				CLANG_CXX_LIBRARY = "libc++";
				CLANG_ENABLE_MODULES = YES;
				CLANG_ENABLE_OBJC_ARC = YES;
				CLANG_WARN_BLOCK_CAPTURE_AUTORELEASING = YES;
				CLANG_WARN_BOOL_CONVERSION = YES;
				CLANG_WARN_COMMA = YES;
				CLANG_WARN_CONSTANT_CONVERSION = YES;
				CLANG_WARN_DIRECT_OBJC_ISA_USAGE = YES_ERROR;
				CLANG_WARN_DOCUMENTATION_COMMENTS = YES;
				CLANG_WARN_EMPTY_BODY = YES;
				CLANG_WARN_ENUM_CONVERSION = YES;
				CLANG_WARN_INFINITE_RECURSION = YES;
				CLANG_WARN_INT_CONVERSION = YES;
				CLANG_WARN_NON_LITERAL_NULL_CONVERSION = YES;
				CLANG_WARN_OBJC_LITERAL_CONVERSION = YES;
				CLANG_WARN_OBJC_ROOT_CLASS = YES_ERROR;
				CLANG_WARN_RANGE_LOOP_ANALYSIS = YES;
				CLANG_WARN_STRICT_PROTOTYPES = YES;
				CLANG_WARN_SUSPICIOUS_MOVE = YES;
				CLANG_WARN_UNGUARDED_AVAILABILITY = YES_AGGRESSIVE;
				CLANG_WARN_UNREACHABLE_CODE = YES;
				CLANG_WARN__DUPLICATE_METHOD_MATCH = YES;
				CODE_SIGN_IDENTITY = "iPhone Developer";
				COPY_PHASE_STRIP = NO;
				DEBUG_INFORMATION_FORMAT = "dwarf-with-dsym";
				ENABLE_NS_ASSERTIONS = NO;
				ENABLE_STRICT_OBJC_MSGSEND = YES;
				GCC_C_LANGUAGE_STANDARD = gnu11;
				GCC_NO_COMMON_BLOCKS = YES;
				GCC_WARN_64_TO_32_BIT_CONVERSION = YES;
				GCC_WARN_ABOUT_RETURN_TYPE = YES_ERROR;
				GCC_WARN_UNDECLARED_SELECTOR = YES;
				GCC_WARN_UNINITIALIZED_AUTOS = YES_AGGRESSIVE;
				GCC_WARN_UNUSED_FUNCTION = YES;
				GCC_WARN_UNUSED_VARIABLE = YES;
				IPHONEOS_DEPLOYMENT_TARGET = 11.0;
				MTL_ENABLE_DEBUG_INFO = NO;
				SDKROOT = iphoneos;
				SWIFT_OPTIMIZATION_LEVEL = "-Owholemodule";
				VALIDATE_PRODUCT = YES;
			};
			name = Release;
		};
		78238B1F1FEA0A2700CE4F3A /* Debug */ = {
			isa = XCBuildConfiguration;
			baseConfigurationReference = D8EE73B7A139C52C2DD025B0 /* Pods-WaterView_D.debug.xcconfig */;
			buildSettings = {
				ASSETCATALOG_COMPILER_APPICON_NAME = AppIcon;
				CODE_SIGN_STYLE = Automatic;
				INFOPLIST_FILE = WaterView_D/Info.plist;
				LD_RUNPATH_SEARCH_PATHS = "$(inherited) @executable_path/Frameworks";
				PRODUCT_BUNDLE_IDENTIFIER = "com.day.WaterView-D";
				PRODUCT_NAME = "$(TARGET_NAME)";
				SWIFT_VERSION = 4.0;
				TARGETED_DEVICE_FAMILY = "1,2";
			};
			name = Debug;
		};
		78238B201FEA0A2700CE4F3A /* Release */ = {
			isa = XCBuildConfiguration;
			baseConfigurationReference = 460C727E44C9E0AF325DA754 /* Pods-WaterView_D.release.xcconfig */;
			buildSettings = {
				ASSETCATALOG_COMPILER_APPICON_NAME = AppIcon;
				CODE_SIGN_STYLE = Automatic;
				INFOPLIST_FILE = WaterView_D/Info.plist;
				LD_RUNPATH_SEARCH_PATHS = "$(inherited) @executable_path/Frameworks";
				PRODUCT_BUNDLE_IDENTIFIER = "com.day.WaterView-D";
				PRODUCT_NAME = "$(TARGET_NAME)";
				SWIFT_VERSION = 4.0;
				TARGETED_DEVICE_FAMILY = "1,2";
			};
			name = Release;
		};
/* End XCBuildConfiguration section */

/* Begin XCConfigurationList section */
		78238B071FEA0A2700CE4F3A /* Build configuration list for PBXProject "WaterView_D" */ = {
			isa = XCConfigurationList;
			buildConfigurations = (
				78238B1C1FEA0A2700CE4F3A /* Debug */,
				78238B1D1FEA0A2700CE4F3A /* Release */,
			);
			defaultConfigurationIsVisible = 0;
			defaultConfigurationName = Release;
		};
		78238B1E1FEA0A2700CE4F3A /* Build configuration list for PBXNativeTarget "WaterView_D" */ = {
			isa = XCConfigurationList;
			buildConfigurations = (
				78238B1F1FEA0A2700CE4F3A /* Debug */,
				78238B201FEA0A2700CE4F3A /* Release */,
			);
			defaultConfigurationIsVisible = 0;
			defaultConfigurationName = Release;
		};
/* End XCConfigurationList section */
	};
	rootObject = 78238B041FEA0A2700CE4F3A /* Project object */;
}
